
Microsoft Visual Studio Solution File, Format Version 12.00
# Visual Studio Version 17
VisualStudioVersion = 17.7.34221.43
MinimumVisualStudioVersion = 10.0.40219.1
Project("{FAE04EC0-301F-11D3-BF4B-00C04F79EFBC}") = "PracticoMobile", "PracticoMobile\PracticoMobile.csproj", "{83F5AD9F-6501-42EB-9CD5-6D09D65F98FA}"
EndProject
Global
	GlobalSection(SolutionConfigurationPlatforms) = preSolution
		Debug|Any CPU = Debug|Any CPU
		Release|Any CPU = Release|Any CPU
	EndGlobalSection
	GlobalSection(ProjectConfigurationPlatforms) = postSolution
		{83F5AD9F-6501-42EB-9CD5-6D09D65F98FA}.Debug|Any CPU.ActiveCfg = Debug|Any CPU
		{83F5AD9F-6501-42EB-9CD5-6D09D65F98FA}.Debug|Any CPU.Build.0 = Debug|Any CPU
		{83F5AD9F-6501-42EB-9CD5-6D09D65F98FA}.Debug|Any CPU.Deploy.0 = Debug|Any CPU
		{83F5AD9F-6501-42EB-9CD5-6D09D65F98FA}.Release|Any CPU.ActiveCfg = Release|Any CPU
		{83F5AD9F-6501-42EB-9CD5-6D09D65F98FA}.Release|Any CPU.Build.0 = Release|Any CPU
		{83F5AD9F-6501-42EB-9CD5-6D09D65F98FA}.Release|Any CPU.Deploy.0 = Release|Any CPU
	EndGlobalSection
	GlobalSection(SolutionProperties) = preSolution
		HideSolutionNode = FALSE
	EndGlobalSection
	GlobalSection(ExtensibilityGlobals) = postSolution
		SolutionGuid = {9699164B-B697-4471-B473-AC5D6ECD0891}
	EndGlobalSection
EndGlobal
